
Microsoft Visual Studio Solution File, Format Version 12.00
# Visual Studio 2013
<<<<<<< HEAD
VisualStudioVersion = 12.0.30501.0
MinimumVisualStudioVersion = 10.0.40219.1
Project("{FAE04EC0-301F-11D3-BF4B-00C04F79EFBC}") = "Test", "Test\Test.csproj", "{C569C235-2D66-4588-B3D3-9F43DEF1BB58}"
EndProject
Project("{FAE04EC0-301F-11D3-BF4B-00C04F79EFBC}") = "SupportClass", "SupportClass\SupportClass.csproj", "{DA3C127D-F4CD-4F60-8B17-4EF3DD6FC6D3}"
=======
VisualStudioVersion = 12.0.21005.1
MinimumVisualStudioVersion = 10.0.40219.1
Project("{FAE04EC0-301F-11D3-BF4B-00C04F79EFBC}") = "SupportClass", "SupportClass\SupportClass.csproj", "{2530579B-B7D4-46DA-A991-ED0735EF060A}"
EndProject
Project("{FAE04EC0-301F-11D3-BF4B-00C04F79EFBC}") = "Test", "Test\Test.csproj", "{C569C235-2D66-4588-B3D3-9F43DEF1BB58}"
>>>>>>> master
EndProject
Global
	GlobalSection(SolutionConfigurationPlatforms) = preSolution
		Debug|Any CPU = Debug|Any CPU
		Release|Any CPU = Release|Any CPU
	EndGlobalSection
	GlobalSection(ProjectConfigurationPlatforms) = postSolution
<<<<<<< HEAD
=======
		{2530579B-B7D4-46DA-A991-ED0735EF060A}.Debug|Any CPU.ActiveCfg = Debug|Any CPU
		{2530579B-B7D4-46DA-A991-ED0735EF060A}.Debug|Any CPU.Build.0 = Debug|Any CPU
		{2530579B-B7D4-46DA-A991-ED0735EF060A}.Release|Any CPU.ActiveCfg = Release|Any CPU
		{2530579B-B7D4-46DA-A991-ED0735EF060A}.Release|Any CPU.Build.0 = Release|Any CPU
>>>>>>> master
		{C569C235-2D66-4588-B3D3-9F43DEF1BB58}.Debug|Any CPU.ActiveCfg = Debug|Any CPU
		{C569C235-2D66-4588-B3D3-9F43DEF1BB58}.Debug|Any CPU.Build.0 = Debug|Any CPU
		{C569C235-2D66-4588-B3D3-9F43DEF1BB58}.Release|Any CPU.ActiveCfg = Release|Any CPU
		{C569C235-2D66-4588-B3D3-9F43DEF1BB58}.Release|Any CPU.Build.0 = Release|Any CPU
<<<<<<< HEAD
		{DA3C127D-F4CD-4F60-8B17-4EF3DD6FC6D3}.Debug|Any CPU.ActiveCfg = Debug|Any CPU
		{DA3C127D-F4CD-4F60-8B17-4EF3DD6FC6D3}.Debug|Any CPU.Build.0 = Debug|Any CPU
		{DA3C127D-F4CD-4F60-8B17-4EF3DD6FC6D3}.Release|Any CPU.ActiveCfg = Release|Any CPU
		{DA3C127D-F4CD-4F60-8B17-4EF3DD6FC6D3}.Release|Any CPU.Build.0 = Release|Any CPU
=======
>>>>>>> master
	EndGlobalSection
	GlobalSection(SolutionProperties) = preSolution
		HideSolutionNode = FALSE
	EndGlobalSection
EndGlobal
